PODS:
  - ABMSoundCloudAPI (0.2.0):
    - AFNetworking (~> 2.5)
    - AFOAuth2Manager (~> 2.2)
    - Lockbox (~> 2.1.0)
  - AFNetworking (2.5.4):
    - AFNetworking/NSURLConnection (= 2.5.4)
    - AFNetworking/NSURLSession (= 2.5.4)
    - AFNetworking/Reachability (= 2.5.4)
    - AFNetworking/Security (= 2.5.4)
    - AFNetworking/Serialization (= 2.5.4)
    - AFNetworking/UIKit (= 2.5.4)
  - AFNetworking/NSURLConnection (2.5.4):
    - AFNetworking/Reachability
    - AFNetworking/Security
    - AFNetworking/Serialization
  - AFNetworking/NSURLSession (2.5.4):
    - AFNetworking/Reachability
    - AFNetworking/Security
    - AFNetworking/Serialization
  - AFNetworking/Reachability (2.5.4)
  - AFNetworking/Security (2.5.4)
  - AFNetworking/Serialization (2.5.4)
  - AFNetworking/UIKit (2.5.4):
    - AFNetworking/NSURLConnection
    - AFNetworking/NSURLSession
  - AFOAuth2Manager (2.2.0):
    - AFNetworking/NSURLConnection (~> 2.2)
  - Lockbox (2.1.0)

DEPENDENCIES:
  - ABMSoundCloudAPI (from `../`)
  - AFNetworking (~> 2.5.0)
  - AFOAuth2Manager (~> 2.2.0)
  - Lockbox (~> 2.1.0)

EXTERNAL SOURCES:
  ABMSoundCloudAPI:
    :path: "../"

SPEC CHECKSUMS:
  ABMSoundCloudAPI: 2db02a5261c038fc73a88379700f8eeb57cb93c4
  AFNetworking: 05edc0ac4c4c8cf57bcf4b84be5b0744b6d8e71e
  AFOAuth2Manager: 952eb62e8fd8022971e64c6e8fe28b9e999224af
  Lockbox: 16442da35d9d4286966936763be728a931d589c3

COCOAPODS: 0.38.2
